
Microsoft Visual Studio Solution File, Format Version 12.00
# Visual Studio Version 17
VisualStudioVersion = 17.14.37027.9
MinimumVisualStudioVersion = 10.0.40219.1
Project("{FAE04EC0-301F-11D3-BF4B-00C04F79EFBC}") = "OrdersMicroservice.API", "OrdersMicroservice.API\OrdersMicroservice.API.csproj", "{E3432041-43DE-4731-8F47-5F298FF9B48A}"
EndProject
Project("{FAE04EC0-301F-11D3-BF4B-00C04F79EFBC}") = "OrdersMicroservice.Core", "OrdersMicroservice.Core\OrdersMicroservice.Core.csproj", "{99192E7F-3D67-4B1F-BDDE-05B1CC3CD241}"
EndProject
Project("{FAE04EC0-301F-11D3-BF4B-00C04F79EFBC}") = "OrdersMicroservice.Infrastructure", "OrdersMicroservice.Infrastructure\OrdersMicroservice.Infrastructure.csproj", "{BB8FD3E1-1BEE-41AD-9089-93E2BB84E5CF}"
EndProject
Project("{E53339B2-1760-4266-BCC7-CA923CBCF16C}") = "docker-compose", "docker-compose.dcproj", "{81DDED9D-158B-E303-5F62-77A2896D2A5A}"
EndProject
Global
	GlobalSection(SolutionConfigurationPlatforms) = preSolution
		Debug|Any CPU = Debug|Any CPU
		Release|Any CPU = Release|Any CPU
	EndGlobalSection
	GlobalSection(ProjectConfigurationPlatforms) = postSolution
		{E3432041-43DE-4731-8F47-5F298FF9B48A}.Debug|Any CPU.ActiveCfg = Debug|Any CPU
		{E3432041-43DE-4731-8F47-5F298FF9B48A}.Debug|Any CPU.Build.0 = Debug|Any CPU
		{E3432041-43DE-4731-8F47-5F298FF9B48A}.Release|Any CPU.ActiveCfg = Release|Any CPU
		{E3432041-43DE-4731-8F47-5F298FF9B48A}.Release|Any CPU.Build.0 = Release|Any CPU
		{99192E7F-3D67-4B1F-BDDE-05B1CC3CD241}.Debug|Any CPU.ActiveCfg = Debug|Any CPU
		{99192E7F-3D67-4B1F-BDDE-05B1CC3CD241}.Debug|Any CPU.Build.0 = Debug|Any CPU
		{99192E7F-3D67-4B1F-BDDE-05B1CC3CD241}.Release|Any CPU.ActiveCfg = Release|Any CPU
		{99192E7F-3D67-4B1F-BDDE-05B1CC3CD241}.Release|Any CPU.Build.0 = Release|Any CPU
		{BB8FD3E1-1BEE-41AD-9089-93E2BB84E5CF}.Debug|Any CPU.ActiveCfg = Debug|Any CPU
		{BB8FD3E1-1BEE-41AD-9089-93E2BB84E5CF}.Debug|Any CPU.Build.0 = Debug|Any CPU
		{BB8FD3E1-1BEE-41AD-9089-93E2BB84E5CF}.Release|Any CPU.ActiveCfg = Release|Any CPU
		{BB8FD3E1-1BEE-41AD-9089-93E2BB84E5CF}.Release|Any CPU.Build.0 = Release|Any CPU
		{81DDED9D-158B-E303-5F62-77A2896D2A5A}.Debug|Any CPU.ActiveCfg = Debug|Any CPU
		{81DDED9D-158B-E303-5F62-77A2896D2A5A}.Debug|Any CPU.Build.0 = Debug|Any CPU
		{81DDED9D-158B-E303-5F62-77A2896D2A5A}.Release|Any CPU.ActiveCfg = Release|Any CPU
		{81DDED9D-158B-E303-5F62-77A2896D2A5A}.Release|Any CPU.Build.0 = Release|Any CPU
	EndGlobalSection
	GlobalSection(SolutionProperties) = preSolution
		HideSolutionNode = FALSE
	EndGlobalSection
	GlobalSection(ExtensibilityGlobals) = postSolution
		SolutionGuid = {4992365F-EEB1-42E5-A4E5-48DCB13B3CB2}
	EndGlobalSection
EndGlobal
